<?xml version="1.0" encoding="utf-8"?>
<Project ToolsVersion="4.0" xmlns="http://schemas.microsoft.com/developer/msbuild/2003">
  <ItemGroup>
    <Filter Include="Common">
      <UniqueIdentifier>{374f8878-96b4-4c6c-83b8-f98dbb2b2316}</UniqueIdentifier>
    </Filter>
    <Filter Include="Planner">
      <UniqueIdentifier>{1ce18324-d7cb-4f8f-982e-e5be6cc8cb1e}</UniqueIdentifier>
    </Filter>
    <Filter Include="Templates">
      <UniqueIdentifier>{12cd618e-806d-4316-9792-11d9caa33cfb}</UniqueIdentifier>
    </Filter>
    <Filter Include="Planner\Actions">
      <UniqueIdentifier>{98fefa57-f566-482d-b418-9afed71b778b}</UniqueIdentifier>
    </Filter>
    <Filter Include="Planner\Conditions">
      <UniqueIdentifier>{ac6e100c-03a9-4234-9f1e-0b22e33f0a3a}</UniqueIdentifier>
    </Filter>
    <Filter Include="Planner\Results">
      <UniqueIdentifier>{c590fae8-578c-4280-99a9-1e1641597e06}</UniqueIdentifier>
    </Filter>
  </ItemGroup>
  <ItemGroup>
    <ClCompile Include="Common\Resource.cpp">
      <Filter>Common</Filter>
    </ClCompile>
    <ClCompile Include="Common\ItemDependencies.cpp">
      <Filter>Common</Filter>
    </ClCompile>
    <ClCompile Include="Planner\Planner.cpp">
      <Filter>Planner</Filter>
    </ClCompile>
    <ClCompile Include="Planner\Conditions\BaseCondition.cpp">
      <Filter>Planner\Conditions</Filter>
    </ClCompile>
    <ClCompile Include="Planner\Actions\BaseAction.cpp">
      <Filter>Planner\Actions</Filter>
    </ClCompile>
    <ClCompile Include="Planner\Results\BaseResult.cpp">
      <Filter>Planner\Results</Filter>
    </ClCompile>
    <ClCompile Include="Common\Strategy\Building\BuildingStrategy.cpp" />
    <ClCompile Include="Common\Strategy\Building\SpiralStrategy.cpp" />
    <ClCompile Include="Common\Strategy\Building\AssimilatorStrategy.cpp" />
    <ClCompile Include="Common\Strategy\Building\PylonStrategy.cpp" />
    <ClCompile Include="Common\Managers\ArmyManager.cpp" />
    <ClCompile Include="Common\Managers\WorkerManager.cpp" />
    <ClCompile Include="Common\BotBase\PlanBotBase.cpp" />
    <ClCompile Include="Goals\Army\Mothership.cpp" />
    <ClCompile Include="Common\Analyzers\ThreatAnalyzer.cpp" />
  </ItemGroup>
  <ItemGroup>
    <ClInclude Include="Common\ItemDependencies.h">
      <Filter>Common</Filter>
    </ClInclude>
    <ClInclude Include="Common\Resource.h">
      <Filter>Common</Filter>
    </ClInclude>
    <ClInclude Include="Planner\GameState.h">
      <Filter>Common</Filter>
    </ClInclude>
    <ClInclude Include="Planner\Planner.h">
      <Filter>Planner</Filter>
    </ClInclude>
    <ClInclude Include="Planner\Conditions\BaseCondition.h">
      <Filter>Planner\Conditions</Filter>
    </ClInclude>
    <ClInclude Include="Planner\Actions\BaseAction.h">
      <Filter>Planner\Actions</Filter>
    </ClInclude>
    <ClInclude Include="Planner\Actions\BuildWorkerAction.h">
      <Filter>Planner\Actions</Filter>
    </ClInclude>
    <ClInclude Include="Planner\Actions\GatherMineralsAction.h">
      <Filter>Planner\Actions</Filter>
    </ClInclude>
    <ClInclude Include="Planner\Actions\WinAction.h">
      <Filter>Planner\Actions</Filter>
    </ClInclude>
    <ClInclude Include="Planner\Results\BaseResult.h">
      <Filter>Planner\Results</Filter>
    </ClInclude>
    <ClInclude Include="Planner\Results\MineralResult.h">
      <Filter>Planner\Results</Filter>
    </ClInclude>
    <ClInclude Include="Planner\Results\WorkerResult.h">
      <Filter>Planner\Results</Filter>
    </ClInclude>
    <ClInclude Include="Common\UnitFilters.h">
      <Filter>Common</Filter>
    </ClInclude>
    <ClInclude Include="Goals\Economy\Pylon.h" />
    <ClInclude Include="Goals\Economy\Chrono.h" />
    <ClInclude Include="Goals\Economy\Assimilator.h" />
    <ClInclude Include="Goals\GoalPicker.h" />
    <ClInclude Include="Common\Util.h" />
    <ClInclude Include="Planner\Actions\UseAbility.h">
      <Filter>Planner\Actions</Filter>
    </ClInclude>
    <ClInclude Include="Planner\Actions\BuildResource.h" />
    <ClInclude Include="Goals\Tech\Cybernetics.h" />
    <ClInclude Include="Common\ResourceState.h" />
    <ClInclude Include="Common\GameState.h" />
    <ClInclude Include="Goals\Army\Gateway.h" />
    <ClInclude Include="Common\Strategy\Building\BuildingStrategy.h" />
    <ClInclude Include="Common\Strategy\Building\SpiralStrategy.h" />
    <ClInclude Include="Common\Strategy\Building\AssimilatorStrategy.h" />
    <ClInclude Include="Goals\Tactics\AllOut.h" />
    <ClInclude Include="Common\Strategy\Building\PylonStrategy.h" />
    <ClInclude Include="Goals\Army\VoidRay.h" />
    <ClInclude Include="Goals\Army\StarGate.h" />
    <ClInclude Include="Common\Strategy\Building\ExpandStrategy.h" />
    <ClInclude Include="Goals\Tech\TwilightCouncil.h" />
    <ClInclude Include="Goals\Tech\DarkShrine.h" />
    <ClInclude Include="Goals\Army\DarkTemplar.h" />
    <ClInclude Include="Goals\Upgrades\Chargelots.h" />
    <ClInclude Include="Goals\Army\Zealot.h" />
    <ClInclude Include="Common\VectorHelpers.h" />
    <ClInclude Include="Common\UnitHelpers.h" />
    <ClInclude Include="Goals\Army\Robotics.h" />
    <ClInclude Include="Goals\Tech\RoboticsBay.h" />
    <ClInclude Include="Goals\Army\Immortal.h" />
    <ClInclude Include="Goals\Army\Collossus.h" />
    <ClInclude Include="Goals\Tactics\ScoutSweep.h" />
    <ClInclude Include="Goals\Tech\Forge.h" />
    <ClInclude Include="Goals\Upgrades\GroundWeaponsUpgrade.h" />
    <ClInclude Include="Goals\Tactics\PickOffExpo.h" />
    <ClInclude Include="Goals\Army\Disrupter.h" />
    <ClInclude Include="Common\Strategy\Attacks\DisruptorAttack.h" />
    <ClInclude Include="Common\Strategy\Attacks\BlinkStalker.h" />
    <ClInclude Include="Goals\Upgrades\Blink.h" />
    <ClInclude Include="Planner\Conditions\HaveBigArmy.h">
      <Filter>Planner\Conditions</Filter>
    </ClInclude>
    <ClInclude Include="Planner\Conditions\HaveWorkersCondition.h" />
    <ClInclude Include="Goals\Tactics\JustDoIt.h" />
    <ClInclude Include="Goals\Upgrades\ThermalLance.h" />
    <ClInclude Include="Goals\Army\Archon.h" />
    <ClInclude Include="Goals\Tech\TemplarArchives.h" />
    <ClInclude Include="Goals\Upgrades\PsiStorm.h" />
    <ClInclude Include="Common\Strategy\Attacks\Templar.h" />
    <ClInclude Include="Goals\Army\Adept.h" />
    <ClInclude Include="Goals\Upgrades\Glaives.h" />
    <ClInclude Include="Goals\Army\Observer.h" />
    <ClInclude Include="Goals\Army\Phoenix.h" />
    <ClInclude Include="Goals\Tactics\Rush.h" />
    <ClInclude Include="Common\Strategy\Attacks\VoidRay.h" />
    <ClInclude Include="Goals\Army\WarpPrism.h" />
    <ClInclude Include="Planner\Conditions\HaveGatewayTrainer.h" />
    <ClInclude Include="Goals\Upgrades\WarpGate.h" />
    <ClInclude Include="Goals\Army\Sentry.h" />
    <ClInclude Include="Goals\Tech\FleetBeacon.h" />
    <ClInclude Include="Goals\Army\Carrier.h" />
    <ClInclude Include="Goals\Army\Tempest.h" />
    <ClInclude Include="Goals\Tactics\AttackProxy.h" />
    <ClInclude Include="Goals\Tactics\DefendWithWorkers.h" />
    <ClInclude Include="Common\Entity\BattleGroup.h" />
    <ClInclude Include="Common\Managers\ArmyManager.h" />
    <ClInclude Include="Goals\Army\PhotonCannon.h" />
    <ClInclude Include="Goals\Army\ShieldBattery.h" />
    <ClInclude Include="Common\Strategy\Attacks\SentryMicro.h" />
    <ClInclude Include="Goals\Tactics\Proxy4Gate.h" />
    <ClInclude Include="Goals\Economy\ProxyPylon.h" />
    <ClInclude Include="Common\Constants.h" />
    <ClInclude Include="Goals\Tactics\4Gate.h" />
    <ClInclude Include="Goals\Upgrades\GroundArmor.h" />
    <ClInclude Include="Goals\Upgrades\Shields.h" />
    <ClInclude Include="Common\Strategy\Attacks\Phoenix.h" />
    <ClInclude Include="Goals\Army\Oracle.h" />
    <ClInclude Include="Common\Strategy\Building\GridStrategy.h" />
    <ClInclude Include="Goals\Tactics\ForgeFastExpand.h" />
    <ClInclude Include="Goals\Tactics\OracleHarrass.h" />
    <ClInclude Include="Common\Managers\WorkerManager.h" />
    <ClInclude Include="Common\BotBase\PlanBotBase.h" />
    <ClInclude Include="Common\Strategy\Attacks\OracleAttack.h" />
    <ClInclude Include="Goals\Army\Mothership.h" />
    <ClInclude Include="Goals\Economy\ExpandNexus.h" />
    <ClInclude Include="Goals\Economy\ExpandCC.h" />
    <ClInclude Include="Goals\Economy\SCV.h" />
    <ClInclude Include="Goals\Economy\Probe.h" />
    <ClInclude Include="Goals\Economy\Refinery.h" />
    <ClInclude Include="Goals\Economy\SupplyDepot.h" />
    <ClInclude Include="Goals\Army\Barracks.h" />
    <ClInclude Include="Goals\Army\Marine.h" />
    <ClInclude Include="Goals\Army\Reactor.h" />
    <ClInclude Include="Goals\Upgrades\AirWeapons.h" />
    <ClInclude Include="Goals\Upgrades\AirArmor.h" />
    <ClInclude Include="Common\Analyzers\ThreatAnalyzer.h" />
    <ClInclude Include="Common\Entity\ThreatModel.h" />
    <ClInclude Include="Goals\Tactics\ScoutMain.h" />
  </ItemGroup>
  <ItemGroup>
    <None Include="Common\ItemDependencies.cog">
      <Filter>Templates</Filter>
    </None>
    <None Include="Goals\Army\Stalker.h" />
    <None Include="Goals\Army\HighTemplar.h" />
  </ItemGroup>
</Project>