
Microsoft Visual Studio Solution File, Format Version 12.00
# Visual Studio Version 16
VisualStudioVersion = 16.0.30011.22
MinimumVisualStudioVersion = 10.0.40219.1
Project("{8BC9CEB8-8B4A-11D0-8D11-00A0C91BC942}") = "Common", "bot.vcxproj", "{59A1A504-22E3-4655-AFE7-0F5ADE0C9FA3}"
EndProject
Project("{8BC9CEB8-8B4A-11D0-8D11-00A0C91BC942}") = "MicroBot", "MicroTest\MicroTest.vcxproj", "{FB1294BE-C8B7-4215-9A1F-4491C42593C7}"
EndProject
Project("{2150E333-8FDC-42A3-9474-1A3956D46DE8}") = "Solution Items", "Solution Items", "{1288BFE1-DAAE-42B2-AA18-44AD9A367687}"
EndProject
Project("{8BC9CEB8-8B4A-11D0-8D11-00A0C91BC942}") = "BotWithAPlan", "BotWithAPlan\BotWithAPlan.vcxproj", "{74207113-848F-4988-86B9-6C7F9DFDEC16}"
	ProjectSection(ProjectDependencies) = postProject
		{59A1A504-22E3-4655-AFE7-0F5ADE0C9FA3} = {59A1A504-22E3-4655-AFE7-0F5ADE0C9FA3}
	EndProjectSection
EndProject
Project("{8BC9CEB8-8B4A-11D0-8D11-00A0C91BC942}") = "TerranPlanBot", "TerranPlanBot\TerranPlanBot.vcxproj", "{3BC4CF77-0E66-4185-9466-C90DA55987DA}"
EndProject
Global
	GlobalSection(SolutionConfigurationPlatforms) = preSolution
		Debug|x64 = Debug|x64
		Debug|x86 = Debug|x86
		Release|x64 = Release|x64
		Release|x86 = Release|x86
	EndGlobalSection
	GlobalSection(ProjectConfigurationPlatforms) = postSolution
		{59A1A504-22E3-4655-AFE7-0F5ADE0C9FA3}.Debug|x64.ActiveCfg = Debug|x64
		{59A1A504-22E3-4655-AFE7-0F5ADE0C9FA3}.Debug|x64.Build.0 = Debug|x64
		{59A1A504-22E3-4655-AFE7-0F5ADE0C9FA3}.Debug|x86.ActiveCfg = Debug|Win32
		{59A1A504-22E3-4655-AFE7-0F5ADE0C9FA3}.Debug|x86.Build.0 = Debug|Win32
		{59A1A504-22E3-4655-AFE7-0F5ADE0C9FA3}.Release|x64.ActiveCfg = Release|x64
		{59A1A504-22E3-4655-AFE7-0F5ADE0C9FA3}.Release|x64.Build.0 = Release|x64
		{59A1A504-22E3-4655-AFE7-0F5ADE0C9FA3}.Release|x86.ActiveCfg = Release|Win32
		{59A1A504-22E3-4655-AFE7-0F5ADE0C9FA3}.Release|x86.Build.0 = Release|Win32
		{FB1294BE-C8B7-4215-9A1F-4491C42593C7}.Debug|x64.ActiveCfg = Debug|x64
		{FB1294BE-C8B7-4215-9A1F-4491C42593C7}.Debug|x64.Build.0 = Debug|x64
		{FB1294BE-C8B7-4215-9A1F-4491C42593C7}.Debug|x86.ActiveCfg = Debug|Win32
		{FB1294BE-C8B7-4215-9A1F-4491C42593C7}.Debug|x86.Build.0 = Debug|Win32
		{FB1294BE-C8B7-4215-9A1F-4491C42593C7}.Release|x64.ActiveCfg = Release|x64
		{FB1294BE-C8B7-4215-9A1F-4491C42593C7}.Release|x64.Build.0 = Release|x64
		{FB1294BE-C8B7-4215-9A1F-4491C42593C7}.Release|x86.ActiveCfg = Release|Win32
		{FB1294BE-C8B7-4215-9A1F-4491C42593C7}.Release|x86.Build.0 = Release|Win32
		{74207113-848F-4988-86B9-6C7F9DFDEC16}.Debug|x64.ActiveCfg = Debug|x64
		{74207113-848F-4988-86B9-6C7F9DFDEC16}.Debug|x64.Build.0 = Debug|x64
		{74207113-848F-4988-86B9-6C7F9DFDEC16}.Debug|x86.ActiveCfg = Debug|Win32
		{74207113-848F-4988-86B9-6C7F9DFDEC16}.Debug|x86.Build.0 = Debug|Win32
		{74207113-848F-4988-86B9-6C7F9DFDEC16}.Release|x64.ActiveCfg = Release|x64
		{74207113-848F-4988-86B9-6C7F9DFDEC16}.Release|x64.Build.0 = Release|x64
		{74207113-848F-4988-86B9-6C7F9DFDEC16}.Release|x86.ActiveCfg = Release|Win32
		{74207113-848F-4988-86B9-6C7F9DFDEC16}.Release|x86.Build.0 = Release|Win32
		{3BC4CF77-0E66-4185-9466-C90DA55987DA}.Debug|x64.ActiveCfg = Debug|x64
		{3BC4CF77-0E66-4185-9466-C90DA55987DA}.Debug|x64.Build.0 = Debug|x64
		{3BC4CF77-0E66-4185-9466-C90DA55987DA}.Debug|x86.ActiveCfg = Debug|Win32
		{3BC4CF77-0E66-4185-9466-C90DA55987DA}.Debug|x86.Build.0 = Debug|Win32
		{3BC4CF77-0E66-4185-9466-C90DA55987DA}.Release|x64.ActiveCfg = Release|x64
		{3BC4CF77-0E66-4185-9466-C90DA55987DA}.Release|x64.Build.0 = Release|x64
		{3BC4CF77-0E66-4185-9466-C90DA55987DA}.Release|x86.ActiveCfg = Release|Win32
		{3BC4CF77-0E66-4185-9466-C90DA55987DA}.Release|x86.Build.0 = Release|Win32
	EndGlobalSection
	GlobalSection(SolutionProperties) = preSolution
		HideSolutionNode = FALSE
	EndGlobalSection
	GlobalSection(ExtensibilityGlobals) = postSolution
		SolutionGuid = {CD2CF332-86AF-4972-B25F-F3E6DF07DE87}
	EndGlobalSection
	GlobalSection(Performance) = preSolution
		HasPerformanceSessions = true
	EndGlobalSection
	GlobalSection(Performance) = preSolution
		HasPerformanceSessions = true
	EndGlobalSection
	GlobalSection(Performance) = preSolution
		HasPerformanceSessions = true
	EndGlobalSection
EndGlobal
